PODS:
  - Expecta (0.3.1)
  - PushbotsLight (0.1.0)
  - Specta (0.2.1)

DEPENDENCIES:
  - Expecta
  - PushbotsLight (from `../`)
  - Specta (~> 0.2.1)

EXTERNAL SOURCES:
  PushbotsLight:
    :path: ../

SPEC CHECKSUMS:
  Expecta: 03aabd0a89d8dea843baecb19a7fd7466a69a31d
  PushbotsLight: 4ca4c045d93e38552c6755b3ade9ed96b16ba7c4
  Specta: 9141310f46b1f68b676650ff2854e1ed0b74163a

COCOAPODS: 0.34.4
